PODS:
  - XCTest-Gherkin (0.13.2):
    - XCTest-Gherkin/Core (= 0.13.2)
  - XCTest-Gherkin/Core (0.13.2)

DEPENDENCIES:
  - XCTest-Gherkin

SPEC REPOS:
  https://github.com/cocoapods/specs.git:
    - XCTest-Gherkin

SPEC CHECKSUMS:
  XCTest-Gherkin: 5b5b9c98baed1f889893a8222c47c76557eb705b

PODFILE CHECKSUM: 421d55d935205c1c20de7fa51387aee6573d6b2d

COCOAPODS: 1.5.3
