// !$*UTF8*$!
{
	archiveVersion = 1;
	classes = {
	};
	objectVersion = 50;
	objects = {

/* Begin PBXBuildFile section */
		522AF49E78D6880B2718F427 /* Pods_EmotionsUITests.framework in Frameworks */ = {isa = PBXBuildFile; fileRef = D3C0DAD87F844825962C64CD /* Pods_EmotionsUITests.framework */; };
		6B46D8FAE6D08D0B99C76B49 /* Pods_Emotions.framework in Frameworks */ = {isa = PBXBuildFile; fileRef = 40D9F0D8D4208D8148849053 /* Pods_Emotions.framework */; };
		7434D302221708CD004F9016 /* PageViewController.swift in Sources */ = {isa = PBXBuildFile; fileRef = 7434D301221708CD004F9016 /* PageViewController.swift */; };
		7434D30522170954004F9016 /* PageViewUtilities.swift in Sources */ = {isa = PBXBuildFile; fileRef = 7434D30422170954004F9016 /* PageViewUtilities.swift */; };
		7499AACB21F52AE500B57977 /* AcceptanceStepDefinitions.swift in Sources */ = {isa = PBXBuildFile; fileRef = 7499AACA21F52AE500B57977 /* AcceptanceStepDefinitions.swift */; };
		74B99E1921F5319B00CC376B /* EmotionsIntegrationTests.swift in Sources */ = {isa = PBXBuildFile; fileRef = 74B99E1821F5319B00CC376B /* EmotionsIntegrationTests.swift */; };
		74BFA39622208A5E0030B9F9 /* UIView.swift in Sources */ = {isa = PBXBuildFile; fileRef = 74BFA39522208A5E0030B9F9 /* UIView.swift */; };
		74BFA398222092FF0030B9F9 /* EmotionSelectorViewController.swift in Sources */ = {isa = PBXBuildFile; fileRef = 74BFA397222092FF0030B9F9 /* EmotionSelectorViewController.swift */; };
		74BFA39A222099340030B9F9 /* DashBoardViewController.swift in Sources */ = {isa = PBXBuildFile; fileRef = 74BFA399222099340030B9F9 /* DashBoardViewController.swift */; };
		74C15FB02226F767008A81AE /* EmotionRepository.swift in Sources */ = {isa = PBXBuildFile; fileRef = 74C15FAF2226F767008A81AE /* EmotionRepository.swift */; };
		74C15FB222270F5D008A81AE /* Emotion.swift in Sources */ = {isa = PBXBuildFile; fileRef = 74C15FB122270F5D008A81AE /* Emotion.swift */; };
		74D276C321F526C500AA1EA5 /* AppDelegate.swift in Sources */ = {isa = PBXBuildFile; fileRef = 74D276C221F526C500AA1EA5 /* AppDelegate.swift */; };
		74D276C821F526C500AA1EA5 /* Main.storyboard in Resources */ = {isa = PBXBuildFile; fileRef = 74D276C621F526C500AA1EA5 /* Main.storyboard */; };
		74D276CA21F526C600AA1EA5 /* Assets.xcassets in Resources */ = {isa = PBXBuildFile; fileRef = 74D276C921F526C600AA1EA5 /* Assets.xcassets */; };
		74D276CD21F526C600AA1EA5 /* LaunchScreen.storyboard in Resources */ = {isa = PBXBuildFile; fileRef = 74D276CB21F526C600AA1EA5 /* LaunchScreen.storyboard */; };
		74D276D821F526C600AA1EA5 /* EmotionsTests.swift in Sources */ = {isa = PBXBuildFile; fileRef = 74D276D721F526C600AA1EA5 /* EmotionsTests.swift */; };
		74D276E321F526C600AA1EA5 /* EmotionsUITests.swift in Sources */ = {isa = PBXBuildFile; fileRef = 74D276E221F526C600AA1EA5 /* EmotionsUITests.swift */; };
		969AD946BD9D59294237531F /* Pods_EmotionsTests.framework in Frameworks */ = {isa = PBXBuildFile; fileRef = 2DF0BBB8C6A5C5B17110909D /* Pods_EmotionsTests.framework */; };
/* End PBXBuildFile section */

/* Begin PBXContainerItemProxy section */
		74B99E1B21F5319B00CC376B /* PBXContainerItemProxy */ = {
			isa = PBXContainerItemProxy;
			containerPortal = 74D276B721F526C500AA1EA5 /* Project object */;
			proxyType = 1;
			remoteGlobalIDString = 74D276BE21F526C500AA1EA5;
			remoteInfo = Emotions;
		};
		74D276D421F526C600AA1EA5 /* PBXContainerItemProxy */ = {
			isa = PBXContainerItemProxy;
			containerPortal = 74D276B721F526C500AA1EA5 /* Project object */;
			proxyType = 1;
			remoteGlobalIDString = 74D276BE21F526C500AA1EA5;
			remoteInfo = Emotions;
		};
		74D276DF21F526C600AA1EA5 /* PBXContainerItemProxy */ = {
			isa = PBXContainerItemProxy;
			containerPortal = 74D276B721F526C500AA1EA5 /* Project object */;
			proxyType = 1;
			remoteGlobalIDString = 74D276BE21F526C500AA1EA5;
			remoteInfo = Emotions;
		};
/* End PBXContainerItemProxy section */

/* Begin PBXFileReference section */
		177842C30E2DB27BBC4C56F6 /* Pods-Emotions.debug.xcconfig */ = {isa = PBXFileReference; includeInIndex = 1; lastKnownFileType = text.xcconfig; name = "Pods-Emotions.debug.xcconfig"; path = "Pods/Target Support Files/Pods-Emotions/Pods-Emotions.debug.xcconfig"; sourceTree = "<group>"; };
		1DD95063D6EDF325ACF73758 /* Pods-EmotionsTests.debug.xcconfig */ = {isa = PBXFileReference; includeInIndex = 1; lastKnownFileType = text.xcconfig; name = "Pods-EmotionsTests.debug.xcconfig"; path = "Pods/Target Support Files/Pods-EmotionsTests/Pods-EmotionsTests.debug.xcconfig"; sourceTree = "<group>"; };
		2DF0BBB8C6A5C5B17110909D /* Pods_EmotionsTests.framework */ = {isa = PBXFileReference; explicitFileType = wrapper.framework; includeInIndex = 0; path = Pods_EmotionsTests.framework; sourceTree = BUILT_PRODUCTS_DIR; };
		40D9F0D8D4208D8148849053 /* Pods_Emotions.framework */ = {isa = PBXFileReference; explicitFileType = wrapper.framework; includeInIndex = 0; path = Pods_Emotions.framework; sourceTree = BUILT_PRODUCTS_DIR; };
		7434D301221708CD004F9016 /* PageViewController.swift */ = {isa = PBXFileReference; lastKnownFileType = sourcecode.swift; path = PageViewController.swift; sourceTree = "<group>"; };
		7434D30422170954004F9016 /* PageViewUtilities.swift */ = {isa = PBXFileReference; lastKnownFileType = sourcecode.swift; path = PageViewUtilities.swift; sourceTree = "<group>"; };
		7499AACA21F52AE500B57977 /* AcceptanceStepDefinitions.swift */ = {isa = PBXFileReference; lastKnownFileType = sourcecode.swift; path = AcceptanceStepDefinitions.swift; sourceTree = "<group>"; };
		74B99E1621F5319B00CC376B /* EmotionsIntegrationTests.xctest */ = {isa = PBXFileReference; explicitFileType = wrapper.cfbundle; includeInIndex = 0; path = EmotionsIntegrationTests.xctest; sourceTree = BUILT_PRODUCTS_DIR; };
		74B99E1821F5319B00CC376B /* EmotionsIntegrationTests.swift */ = {isa = PBXFileReference; lastKnownFileType = sourcecode.swift; path = EmotionsIntegrationTests.swift; sourceTree = "<group>"; };
		74B99E1A21F5319B00CC376B /* Info.plist */ = {isa = PBXFileReference; lastKnownFileType = text.plist.xml; path = Info.plist; sourceTree = "<group>"; };
		74BFA39522208A5E0030B9F9 /* UIView.swift */ = {isa = PBXFileReference; lastKnownFileType = sourcecode.swift; path = UIView.swift; sourceTree = "<group>"; };
		74BFA397222092FF0030B9F9 /* EmotionSelectorViewController.swift */ = {isa = PBXFileReference; lastKnownFileType = sourcecode.swift; path = EmotionSelectorViewController.swift; sourceTree = "<group>"; };
		74BFA399222099340030B9F9 /* DashBoardViewController.swift */ = {isa = PBXFileReference; lastKnownFileType = sourcecode.swift; path = DashBoardViewController.swift; sourceTree = "<group>"; };
		74C15FAF2226F767008A81AE /* EmotionRepository.swift */ = {isa = PBXFileReference; lastKnownFileType = sourcecode.swift; path = EmotionRepository.swift; sourceTree = "<group>"; };
		74C15FB122270F5D008A81AE /* Emotion.swift */ = {isa = PBXFileReference; lastKnownFileType = sourcecode.swift; path = Emotion.swift; sourceTree = "<group>"; };
		74D276BF21F526C500AA1EA5 /* Emotions.app */ = {isa = PBXFileReference; explicitFileType = wrapper.application; includeInIndex = 0; path = Emotions.app; sourceTree = BUILT_PRODUCTS_DIR; };
		74D276C221F526C500AA1EA5 /* AppDelegate.swift */ = {isa = PBXFileReference; lastKnownFileType = sourcecode.swift; path = AppDelegate.swift; sourceTree = "<group>"; };
		74D276C721F526C500AA1EA5 /* Base */ = {isa = PBXFileReference; lastKnownFileType = file.storyboard; name = Base; path = Base.lproj/Main.storyboard; sourceTree = "<group>"; };
		74D276C921F526C600AA1EA5 /* Assets.xcassets */ = {isa = PBXFileReference; lastKnownFileType = folder.assetcatalog; path = Assets.xcassets; sourceTree = "<group>"; };
		74D276CC21F526C600AA1EA5 /* Base */ = {isa = PBXFileReference; lastKnownFileType = file.storyboard; name = Base; path = Base.lproj/LaunchScreen.storyboard; sourceTree = "<group>"; };
		74D276CE21F526C600AA1EA5 /* Info.plist */ = {isa = PBXFileReference; lastKnownFileType = text.plist.xml; path = Info.plist; sourceTree = "<group>"; };
		74D276D321F526C600AA1EA5 /* EmotionsTests.xctest */ = {isa = PBXFileReference; explicitFileType = wrapper.cfbundle; includeInIndex = 0; path = EmotionsTests.xctest; sourceTree = BUILT_PRODUCTS_DIR; };
		74D276D721F526C600AA1EA5 /* EmotionsTests.swift */ = {isa = PBXFileReference; lastKnownFileType = sourcecode.swift; path = EmotionsTests.swift; sourceTree = "<group>"; };
		74D276D921F526C600AA1EA5 /* Info.plist */ = {isa = PBXFileReference; lastKnownFileType = text.plist.xml; path = Info.plist; sourceTree = "<group>"; };
		74D276DE21F526C600AA1EA5 /* EmotionsUITests.xctest */ = {isa = PBXFileReference; explicitFileType = wrapper.cfbundle; includeInIndex = 0; path = EmotionsUITests.xctest; sourceTree = BUILT_PRODUCTS_DIR; };
		74D276E221F526C600AA1EA5 /* EmotionsUITests.swift */ = {isa = PBXFileReference; lastKnownFileType = sourcecode.swift; path = EmotionsUITests.swift; sourceTree = "<group>"; };
		74D276E421F526C600AA1EA5 /* Info.plist */ = {isa = PBXFileReference; lastKnownFileType = text.plist.xml; path = Info.plist; sourceTree = "<group>"; };
		79AFA7C33621D4BB5A4BEF72 /* Pods-EmotionsUITests.debug.xcconfig */ = {isa = PBXFileReference; includeInIndex = 1; lastKnownFileType = text.xcconfig; name = "Pods-EmotionsUITests.debug.xcconfig"; path = "Pods/Target Support Files/Pods-EmotionsUITests/Pods-EmotionsUITests.debug.xcconfig"; sourceTree = "<group>"; };
		95E5F93E70B2E77C46077B6A /* Pods-EmotionsUITests.release.xcconfig */ = {isa = PBXFileReference; includeInIndex = 1; lastKnownFileType = text.xcconfig; name = "Pods-EmotionsUITests.release.xcconfig"; path = "Pods/Target Support Files/Pods-EmotionsUITests/Pods-EmotionsUITests.release.xcconfig"; sourceTree = "<group>"; };
		C8BA008AD13838DA8848DA8A /* Pods-EmotionsTests.release.xcconfig */ = {isa = PBXFileReference; includeInIndex = 1; lastKnownFileType = text.xcconfig; name = "Pods-EmotionsTests.release.xcconfig"; path = "Pods/Target Support Files/Pods-EmotionsTests/Pods-EmotionsTests.release.xcconfig"; sourceTree = "<group>"; };
		D1CC5A594BBF1787A7B84058 /* Pods-Emotions.release.xcconfig */ = {isa = PBXFileReference; includeInIndex = 1; lastKnownFileType = text.xcconfig; name = "Pods-Emotions.release.xcconfig"; path = "Pods/Target Support Files/Pods-Emotions/Pods-Emotions.release.xcconfig"; sourceTree = "<group>"; };
		D3C0DAD87F844825962C64CD /* Pods_EmotionsUITests.framework */ = {isa = PBXFileReference; explicitFileType = wrapper.framework; includeInIndex = 0; path = Pods_EmotionsUITests.framework; sourceTree = BUILT_PRODUCTS_DIR; };
/* End PBXFileReference section */

/* Begin PBXFrameworksBuildPhase section */
		74B99E1321F5319B00CC376B /* Frameworks */ = {
			isa = PBXFrameworksBuildPhase;
			buildActionMask = 2147483647;
			files = (
			);
			runOnlyForDeploymentPostprocessing = 0;
		};
		74D276BC21F526C500AA1EA5 /* Frameworks */ = {
			isa = PBXFrameworksBuildPhase;
			buildActionMask = 2147483647;
			files = (
				6B46D8FAE6D08D0B99C76B49 /* Pods_Emotions.framework in Frameworks */,
			);
			runOnlyForDeploymentPostprocessing = 0;
		};
		74D276D021F526C600AA1EA5 /* Frameworks */ = {
			isa = PBXFrameworksBuildPhase;
			buildActionMask = 2147483647;
			files = (
				969AD946BD9D59294237531F /* Pods_EmotionsTests.framework in Frameworks */,
			);
			runOnlyForDeploymentPostprocessing = 0;
		};
		74D276DB21F526C600AA1EA5 /* Frameworks */ = {
			isa = PBXFrameworksBuildPhase;
			buildActionMask = 2147483647;
			files = (
				522AF49E78D6880B2718F427 /* Pods_EmotionsUITests.framework in Frameworks */,
			);
			runOnlyForDeploymentPostprocessing = 0;
		};
/* End PBXFrameworksBuildPhase section */

/* Begin PBXGroup section */
		32EDCE8BE1A12EEA4DFCE63B /* Pods */ = {
			isa = PBXGroup;
			children = (
				177842C30E2DB27BBC4C56F6 /* Pods-Emotions.debug.xcconfig */,
				D1CC5A594BBF1787A7B84058 /* Pods-Emotions.release.xcconfig */,
				1DD95063D6EDF325ACF73758 /* Pods-EmotionsTests.debug.xcconfig */,
				C8BA008AD13838DA8848DA8A /* Pods-EmotionsTests.release.xcconfig */,
				79AFA7C33621D4BB5A4BEF72 /* Pods-EmotionsUITests.debug.xcconfig */,
				95E5F93E70B2E77C46077B6A /* Pods-EmotionsUITests.release.xcconfig */,
			);
			name = Pods;
			sourceTree = "<group>";
		};
		51B72023D1D43A8177EF602D /* Frameworks */ = {
			isa = PBXGroup;
			children = (
				40D9F0D8D4208D8148849053 /* Pods_Emotions.framework */,
				2DF0BBB8C6A5C5B17110909D /* Pods_EmotionsTests.framework */,
				D3C0DAD87F844825962C64CD /* Pods_EmotionsUITests.framework */,
			);
			name = Frameworks;
			sourceTree = "<group>";
		};
		7434D3032217092A004F9016 /* Utilities */ = {
			isa = PBXGroup;
			children = (
				7434D30422170954004F9016 /* PageViewUtilities.swift */,
			);
			path = Utilities;
			sourceTree = "<group>";
		};
		74B99E1721F5319B00CC376B /* EmotionsIntegrationTests */ = {
			isa = PBXGroup;
			children = (
				74B99E1821F5319B00CC376B /* EmotionsIntegrationTests.swift */,
				74B99E1A21F5319B00CC376B /* Info.plist */,
			);
			path = EmotionsIntegrationTests;
			sourceTree = "<group>";
		};
		74C15FAE2226F74F008A81AE /* DataSource */ = {
			isa = PBXGroup;
			children = (
				74C15FB122270F5D008A81AE /* Emotion.swift */,
				74C15FAF2226F767008A81AE /* EmotionRepository.swift */,
			);
			path = DataSource;
			sourceTree = "<group>";
		};
		74D276B621F526C500AA1EA5 = {
			isa = PBXGroup;
			children = (
				74D276C121F526C500AA1EA5 /* Emotions */,
				74D276D621F526C600AA1EA5 /* EmotionsTests */,
				74B99E1721F5319B00CC376B /* EmotionsIntegrationTests */,
				74D276E121F526C600AA1EA5 /* EmotionsUITests */,
				74D276C021F526C500AA1EA5 /* Products */,
				32EDCE8BE1A12EEA4DFCE63B /* Pods */,
				51B72023D1D43A8177EF602D /* Frameworks */,
			);
			sourceTree = "<group>";
		};
		74D276C021F526C500AA1EA5 /* Products */ = {
			isa = PBXGroup;
			children = (
				74D276BF21F526C500AA1EA5 /* Emotions.app */,
				74D276D321F526C600AA1EA5 /* EmotionsTests.xctest */,
				74D276DE21F526C600AA1EA5 /* EmotionsUITests.xctest */,
				74B99E1621F5319B00CC376B /* EmotionsIntegrationTests.xctest */,
			);
			name = Products;
			sourceTree = "<group>";
		};
		74D276C121F526C500AA1EA5 /* Emotions */ = {
			isa = PBXGroup;
			children = (
				74C15FAE2226F74F008A81AE /* DataSource */,
				74FA95F9221F4DE900FF57DF /* Styles */,
				7434D3032217092A004F9016 /* Utilities */,
				74D276C221F526C500AA1EA5 /* AppDelegate.swift */,
				74BFA397222092FF0030B9F9 /* EmotionSelectorViewController.swift */,
				7434D301221708CD004F9016 /* PageViewController.swift */,
				74BFA399222099340030B9F9 /* DashBoardViewController.swift */,
				74D276C621F526C500AA1EA5 /* Main.storyboard */,
				74D276C921F526C600AA1EA5 /* Assets.xcassets */,
				74D276CB21F526C600AA1EA5 /* LaunchScreen.storyboard */,
				74D276CE21F526C600AA1EA5 /* Info.plist */,
			);
			path = Emotions;
			sourceTree = "<group>";
		};
		74D276D621F526C600AA1EA5 /* EmotionsTests */ = {
			isa = PBXGroup;
			children = (
				74D276D721F526C600AA1EA5 /* EmotionsTests.swift */,
				74D276D921F526C600AA1EA5 /* Info.plist */,
			);
			path = EmotionsTests;
			sourceTree = "<group>";
		};
		74D276E121F526C600AA1EA5 /* EmotionsUITests */ = {
			isa = PBXGroup;
			children = (
				74D276E421F526C600AA1EA5 /* Info.plist */,
				74D276E221F526C600AA1EA5 /* EmotionsUITests.swift */,
				7499AACA21F52AE500B57977 /* AcceptanceStepDefinitions.swift */,
			);
			path = EmotionsUITests;
			sourceTree = "<group>";
		};
		74FA95F9221F4DE900FF57DF /* Styles */ = {
			isa = PBXGroup;
			children = (
				74BFA39522208A5E0030B9F9 /* UIView.swift */,
			);
			path = Styles;
			sourceTree = "<group>";
		};
/* End PBXGroup section */

/* Begin PBXNativeTarget section */
		74B99E1521F5319B00CC376B /* EmotionsIntegrationTests */ = {
			isa = PBXNativeTarget;
			buildConfigurationList = 74B99E1D21F5319B00CC376B /* Build configuration list for PBXNativeTarget "EmotionsIntegrationTests" */;
			buildPhases = (
				74B99E1221F5319B00CC376B /* Sources */,
				74B99E1321F5319B00CC376B /* Frameworks */,
				74B99E1421F5319B00CC376B /* Resources */,
			);
			buildRules = (
			);
			dependencies = (
				74B99E1C21F5319B00CC376B /* PBXTargetDependency */,
			);
			name = EmotionsIntegrationTests;
			productName = EmotionsIntegrationTests;
			productReference = 74B99E1621F5319B00CC376B /* EmotionsIntegrationTests.xctest */;
			productType = "com.apple.product-type.bundle.unit-test";
		};
		74D276BE21F526C500AA1EA5 /* Emotions */ = {
			isa = PBXNativeTarget;
			buildConfigurationList = 74D276E721F526C600AA1EA5 /* Build configuration list for PBXNativeTarget "Emotions" */;
			buildPhases = (
				F0B0C3C4429000C135FB2791 /* [CP] Check Pods Manifest.lock */,
				74D276BB21F526C500AA1EA5 /* Sources */,
				74D276BC21F526C500AA1EA5 /* Frameworks */,
				74D276BD21F526C500AA1EA5 /* Resources */,
				1E9121B243B002CCFE7449F5 /* [CP] Embed Pods Frameworks */,
			);
			buildRules = (
			);
			dependencies = (
			);
			name = Emotions;
			productName = Emotions;
			productReference = 74D276BF21F526C500AA1EA5 /* Emotions.app */;
			productType = "com.apple.product-type.application";
		};
		74D276D221F526C600AA1EA5 /* EmotionsTests */ = {
			isa = PBXNativeTarget;
			buildConfigurationList = 74D276EA21F526C600AA1EA5 /* Build configuration list for PBXNativeTarget "EmotionsTests" */;
			buildPhases = (
				7D03C2872DFCF300865AC324 /* [CP] Check Pods Manifest.lock */,
				74D276CF21F526C600AA1EA5 /* Sources */,
				74D276D021F526C600AA1EA5 /* Frameworks */,
				74D276D121F526C600AA1EA5 /* Resources */,
			);
			buildRules = (
			);
			dependencies = (
				74D276D521F526C600AA1EA5 /* PBXTargetDependency */,
			);
			name = EmotionsTests;
			productName = EmotionsTests;
			productReference = 74D276D321F526C600AA1EA5 /* EmotionsTests.xctest */;
			productType = "com.apple.product-type.bundle.unit-test";
		};
		74D276DD21F526C600AA1EA5 /* EmotionsUITests */ = {
			isa = PBXNativeTarget;
			buildConfigurationList = 74D276ED21F526C600AA1EA5 /* Build configuration list for PBXNativeTarget "EmotionsUITests" */;
			buildPhases = (
				5ED199C83916F45FC823D096 /* [CP] Check Pods Manifest.lock */,
				74D276DA21F526C600AA1EA5 /* Sources */,
				74D276DB21F526C600AA1EA5 /* Frameworks */,
				74D276DC21F526C600AA1EA5 /* Resources */,
				5F8A3402EE4EFBFC3CA856DB /* [CP] Embed Pods Frameworks */,
			);
			buildRules = (
			);
			dependencies = (
				74D276E021F526C600AA1EA5 /* PBXTargetDependency */,
			);
			name = EmotionsUITests;
			productName = EmotionsUITests;
			productReference = 74D276DE21F526C600AA1EA5 /* EmotionsUITests.xctest */;
			productType = "com.apple.product-type.bundle.ui-testing";
		};
/* End PBXNativeTarget section */

/* Begin PBXProject section */
		74D276B721F526C500AA1EA5 /* Project object */ = {
			isa = PBXProject;
			attributes = {
				LastSwiftUpdateCheck = 1010;
				LastUpgradeCheck = 1010;
				ORGANIZATIONNAME = "Zachary Hardin";
				TargetAttributes = {
					74B99E1521F5319B00CC376B = {
						CreatedOnToolsVersion = 10.1;
						TestTargetID = 74D276BE21F526C500AA1EA5;
					};
					74D276BE21F526C500AA1EA5 = {
						CreatedOnToolsVersion = 10.1;
					};
					74D276D221F526C600AA1EA5 = {
						CreatedOnToolsVersion = 10.1;
						TestTargetID = 74D276BE21F526C500AA1EA5;
					};
					74D276DD21F526C600AA1EA5 = {
						CreatedOnToolsVersion = 10.1;
						TestTargetID = 74D276BE21F526C500AA1EA5;
					};
				};
			};
			buildConfigurationList = 74D276BA21F526C500AA1EA5 /* Build configuration list for PBXProject "Emotions" */;
			compatibilityVersion = "Xcode 9.3";
			developmentRegion = en;
			hasScannedForEncodings = 0;
			knownRegions = (
				en,
				Base,
			);
			mainGroup = 74D276B621F526C500AA1EA5;
			productRefGroup = 74D276C021F526C500AA1EA5 /* Products */;
			projectDirPath = "";
			projectRoot = "";
			targets = (
				74D276BE21F526C500AA1EA5 /* Emotions */,
				74D276D221F526C600AA1EA5 /* EmotionsTests */,
				74D276DD21F526C600AA1EA5 /* EmotionsUITests */,
				74B99E1521F5319B00CC376B /* EmotionsIntegrationTests */,
			);
		};
/* End PBXProject section */

/* Begin PBXResourcesBuildPhase section */
		74B99E1421F5319B00CC376B /* Resources */ = {
			isa = PBXResourcesBuildPhase;
			buildActionMask = 2147483647;
			files = (
			);
			runOnlyForDeploymentPostprocessing = 0;
		};
		74D276BD21F526C500AA1EA5 /* Resources */ = {
			isa = PBXResourcesBuildPhase;
			buildActionMask = 2147483647;
			files = (
				74D276CD21F526C600AA1EA5 /* LaunchScreen.storyboard in Resources */,
				74D276CA21F526C600AA1EA5 /* Assets.xcassets in Resources */,
				74D276C821F526C500AA1EA5 /* Main.storyboard in Resources */,
			);
			runOnlyForDeploymentPostprocessing = 0;
		};
		74D276D121F526C600AA1EA5 /* Resources */ = {
			isa = PBXResourcesBuildPhase;
			buildActionMask = 2147483647;
			files = (
			);
			runOnlyForDeploymentPostprocessing = 0;
		};
		74D276DC21F526C600AA1EA5 /* Resources */ = {
			isa = PBXResourcesBuildPhase;
			buildActionMask = 2147483647;
			files = (
			);
			runOnlyForDeploymentPostprocessing = 0;
		};
/* End PBXResourcesBuildPhase section */

/* Begin PBXShellScriptBuildPhase section */
		1E9121B243B002CCFE7449F5 /* [CP] Embed Pods Frameworks */ = {
			isa = PBXShellScriptBuildPhase;
			buildActionMask = 2147483647;
			files = (
			);
			inputFileListPaths = (
			);
			inputPaths = (
				"${SRCROOT}/Pods/Target Support Files/Pods-Emotions/Pods-Emotions-frameworks.sh",
				"${BUILT_PRODUCTS_DIR}/Realm/Realm.framework",
				"${BUILT_PRODUCTS_DIR}/RealmSwift/RealmSwift.framework",
			);
			name = "[CP] Embed Pods Frameworks";
			outputFileListPaths = (
			);
			outputPaths = (
				"${TARGET_BUILD_DIR}/${FRAMEWORKS_FOLDER_PATH}/Realm.framework",
				"${TARGET_BUILD_DIR}/${FRAMEWORKS_FOLDER_PATH}/RealmSwift.framework",
			);
			runOnlyForDeploymentPostprocessing = 0;
			shellPath = /bin/sh;
			shellScript = "\"${SRCROOT}/Pods/Target Support Files/Pods-Emotions/Pods-Emotions-frameworks.sh\"\n";
			showEnvVarsInLog = 0;
		};
		5ED199C83916F45FC823D096 /* [CP] Check Pods Manifest.lock */ = {
			isa = PBXShellScriptBuildPhase;
			buildActionMask = 2147483647;
			files = (
			);
			inputFileListPaths = (
			);
			inputPaths = (
				"${PODS_PODFILE_DIR_PATH}/Podfile.lock",
				"${PODS_ROOT}/Manifest.lock",
			);
			name = "[CP] Check Pods Manifest.lock";
			outputFileListPaths = (
			);
			outputPaths = (
				"$(DERIVED_FILE_DIR)/Pods-EmotionsUITests-checkManifestLockResult.txt",
			);
			runOnlyForDeploymentPostprocessing = 0;
			shellPath = /bin/sh;
			shellScript = "diff \"${PODS_PODFILE_DIR_PATH}/Podfile.lock\" \"${PODS_ROOT}/Manifest.lock\" > /dev/null\nif [ $? != 0 ] ; then\n    # print error to STDERR\n    echo \"error: The sandbox is not in sync with the Podfile.lock. Run 'pod install' or update your CocoaPods installation.\" >&2\n    exit 1\nfi\n# This output is used by Xcode 'outputs' to avoid re-running this script phase.\necho \"SUCCESS\" > \"${SCRIPT_OUTPUT_FILE_0}\"\n";
			showEnvVarsInLog = 0;
		};
		5F8A3402EE4EFBFC3CA856DB /* [CP] Embed Pods Frameworks */ = {
			isa = PBXShellScriptBuildPhase;
			buildActionMask = 2147483647;
			files = (
			);
			inputFileListPaths = (
			);
			inputPaths = (
				"${SRCROOT}/Pods/Target Support Files/Pods-EmotionsUITests/Pods-EmotionsUITests-frameworks.sh",
				"${BUILT_PRODUCTS_DIR}/XCTest-Gherkin/XCTest_Gherkin.framework",
			);
			name = "[CP] Embed Pods Frameworks";
			outputFileListPaths = (
			);
			outputPaths = (
				"${TARGET_BUILD_DIR}/${FRAMEWORKS_FOLDER_PATH}/XCTest_Gherkin.framework",
			);
			runOnlyForDeploymentPostprocessing = 0;
			shellPath = /bin/sh;
			shellScript = "\"${SRCROOT}/Pods/Target Support Files/Pods-EmotionsUITests/Pods-EmotionsUITests-frameworks.sh\"\n";
			showEnvVarsInLog = 0;
		};
		7D03C2872DFCF300865AC324 /* [CP] Check Pods Manifest.lock */ = {
			isa = PBXShellScriptBuildPhase;
			buildActionMask = 2147483647;
			files = (
			);
			inputFileListPaths = (
			);
			inputPaths = (
				"${PODS_PODFILE_DIR_PATH}/Podfile.lock",
				"${PODS_ROOT}/Manifest.lock",
			);
			name = "[CP] Check Pods Manifest.lock";
			outputFileListPaths = (
			);
			outputPaths = (
				"$(DERIVED_FILE_DIR)/Pods-EmotionsTests-checkManifestLockResult.txt",
			);
			runOnlyForDeploymentPostprocessing = 0;
			shellPath = /bin/sh;
			shellScript = "diff \"${PODS_PODFILE_DIR_PATH}/Podfile.lock\" \"${PODS_ROOT}/Manifest.lock\" > /dev/null\nif [ $? != 0 ] ; then\n    # print error to STDERR\n    echo \"error: The sandbox is not in sync with the Podfile.lock. Run 'pod install' or update your CocoaPods installation.\" >&2\n    exit 1\nfi\n# This output is used by Xcode 'outputs' to avoid re-running this script phase.\necho \"SUCCESS\" > \"${SCRIPT_OUTPUT_FILE_0}\"\n";
			showEnvVarsInLog = 0;
		};
		F0B0C3C4429000C135FB2791 /* [CP] Check Pods Manifest.lock */ = {
			isa = PBXShellScriptBuildPhase;
			buildActionMask = 2147483647;
			files = (
			);
			inputFileListPaths = (
			);
			inputPaths = (
				"${PODS_PODFILE_DIR_PATH}/Podfile.lock",
				"${PODS_ROOT}/Manifest.lock",
			);
			name = "[CP] Check Pods Manifest.lock";
			outputFileListPaths = (
			);
			outputPaths = (
				"$(DERIVED_FILE_DIR)/Pods-Emotions-checkManifestLockResult.txt",
			);
			runOnlyForDeploymentPostprocessing = 0;
			shellPath = /bin/sh;
			shellScript = "diff \"${PODS_PODFILE_DIR_PATH}/Podfile.lock\" \"${PODS_ROOT}/Manifest.lock\" > /dev/null\nif [ $? != 0 ] ; then\n    # print error to STDERR\n    echo \"error: The sandbox is not in sync with the Podfile.lock. Run 'pod install' or update your CocoaPods installation.\" >&2\n    exit 1\nfi\n# This output is used by Xcode 'outputs' to avoid re-running this script phase.\necho \"SUCCESS\" > \"${SCRIPT_OUTPUT_FILE_0}\"\n";
			showEnvVarsInLog = 0;
		};
/* End PBXShellScriptBuildPhase section */

/* Begin PBXSourcesBuildPhase section */
		74B99E1221F5319B00CC376B /* Sources */ = {
			isa = PBXSourcesBuildPhase;
			buildActionMask = 2147483647;
			files = (
				74B99E1921F5319B00CC376B /* EmotionsIntegrationTests.swift in Sources */,
			);
			runOnlyForDeploymentPostprocessing = 0;
		};
		74D276BB21F526C500AA1EA5 /* Sources */ = {
			isa = PBXSourcesBuildPhase;
			buildActionMask = 2147483647;
			files = (
				7434D302221708CD004F9016 /* PageViewController.swift in Sources */,
				74BFA398222092FF0030B9F9 /* EmotionSelectorViewController.swift in Sources */,
				74BFA39A222099340030B9F9 /* DashBoardViewController.swift in Sources */,
				74C15FB222270F5D008A81AE /* Emotion.swift in Sources */,
				7434D30522170954004F9016 /* PageViewUtilities.swift in Sources */,
				74C15FB02226F767008A81AE /* EmotionRepository.swift in Sources */,
				74BFA39622208A5E0030B9F9 /* UIView.swift in Sources */,
				74D276C321F526C500AA1EA5 /* AppDelegate.swift in Sources */,
			);
			runOnlyForDeploymentPostprocessing = 0;
		};
		74D276CF21F526C600AA1EA5 /* Sources */ = {
			isa = PBXSourcesBuildPhase;
			buildActionMask = 2147483647;
			files = (
				74D276D821F526C600AA1EA5 /* EmotionsTests.swift in Sources */,
			);
			runOnlyForDeploymentPostprocessing = 0;
		};
		74D276DA21F526C600AA1EA5 /* Sources */ = {
			isa = PBXSourcesBuildPhase;
			buildActionMask = 2147483647;
			files = (
				74D276E321F526C600AA1EA5 /* EmotionsUITests.swift in Sources */,
				7499AACB21F52AE500B57977 /* AcceptanceStepDefinitions.swift in Sources */,
			);
			runOnlyForDeploymentPostprocessing = 0;
		};
/* End PBXSourcesBuildPhase section */

/* Begin PBXTargetDependency section */
		74B99E1C21F5319B00CC376B /* PBXTargetDependency */ = {
			isa = PBXTargetDependency;
			target = 74D276BE21F526C500AA1EA5 /* Emotions */;
			targetProxy = 74B99E1B21F5319B00CC376B /* PBXContainerItemProxy */;
		};
		74D276D521F526C600AA1EA5 /* PBXTargetDependency */ = {
			isa = PBXTargetDependency;
			target = 74D276BE21F526C500AA1EA5 /* Emotions */;
			targetProxy = 74D276D421F526C600AA1EA5 /* PBXContainerItemProxy */;
		};
		74D276E021F526C600AA1EA5 /* PBXTargetDependency */ = {
			isa = PBXTargetDependency;
			target = 74D276BE21F526C500AA1EA5 /* Emotions */;
			targetProxy = 74D276DF21F526C600AA1EA5 /* PBXContainerItemProxy */;
		};
/* End PBXTargetDependency section */

/* Begin PBXVariantGroup section */
		74D276C621F526C500AA1EA5 /* Main.storyboard */ = {
			isa = PBXVariantGroup;
			children = (
				74D276C721F526C500AA1EA5 /* Base */,
			);
			name = Main.storyboard;
			sourceTree = "<group>";
		};
		74D276CB21F526C600AA1EA5 /* LaunchScreen.storyboard */ = {
			isa = PBXVariantGroup;
			children = (
				74D276CC21F526C600AA1EA5 /* Base */,
			);
			name = LaunchScreen.storyboard;
			sourceTree = "<group>";
		};
/* End PBXVariantGroup section */

/* Begin XCBuildConfiguration section */
		74B99E1E21F5319B00CC376B /* Debug */ = {
			isa = XCBuildConfiguration;
			buildSettings = {
				BUNDLE_LOADER = "$(TEST_HOST)";
				CODE_SIGN_STYLE = Automatic;
				DEVELOPMENT_TEAM = 2XFPX4MHPP;
				INFOPLIST_FILE = EmotionsIntegrationTests/Info.plist;
				LD_RUNPATH_SEARCH_PATHS = (
					"$(inherited)",
					"@executable_path/Frameworks",
					"@loader_path/Frameworks",
				);
				PRODUCT_BUNDLE_IDENTIFIER = com.zacharyhardin.EmotionsIntegrationTests;
				PRODUCT_NAME = "$(TARGET_NAME)";
				SWIFT_VERSION = 4.2;
				TARGETED_DEVICE_FAMILY = "1,2";
				TEST_HOST = "$(BUILT_PRODUCTS_DIR)/Emotions.app/Emotions";
			};
			name = Debug;
		};
		74B99E1F21F5319B00CC376B /* Release */ = {
			isa = XCBuildConfiguration;
			buildSettings = {
				BUNDLE_LOADER = "$(TEST_HOST)";
				CODE_SIGN_STYLE = Automatic;
				DEVELOPMENT_TEAM = 2XFPX4MHPP;
				INFOPLIST_FILE = EmotionsIntegrationTests/Info.plist;
				LD_RUNPATH_SEARCH_PATHS = (
					"$(inherited)",
					"@executable_path/Frameworks",
					"@loader_path/Frameworks",
				);
				PRODUCT_BUNDLE_IDENTIFIER = com.zacharyhardin.EmotionsIntegrationTests;
				PRODUCT_NAME = "$(TARGET_NAME)";
				SWIFT_VERSION = 4.2;
				TARGETED_DEVICE_FAMILY = "1,2";
				TEST_HOST = "$(BUILT_PRODUCTS_DIR)/Emotions.app/Emotions";
			};
			name = Release;
		};
		74D276E521F526C600AA1EA5 /* Debug */ = {
			isa = XCBuildConfiguration;
			buildSettings = {
				ALWAYS_SEARCH_USER_PATHS = NO;
				CLANG_ANALYZER_NONNULL = YES;
				CLANG_ANALYZER_NUMBER_OBJECT_CONVERSION = YES_AGGRESSIVE;
				CLANG_CXX_LANGUAGE_STANDARD = "gnu++14";
				CLANG_CXX_LIBRARY = "libc++";
				CLANG_ENABLE_MODULES = YES;
				CLANG_ENABLE_OBJC_ARC = YES;
				CLANG_ENABLE_OBJC_WEAK = YES;
				CLANG_WARN_BLOCK_CAPTURE_AUTORELEASING = YES;
				CLANG_WARN_BOOL_CONVERSION = YES;
				CLANG_WARN_COMMA = YES;
				CLANG_WARN_CONSTANT_CONVERSION = YES;
				CLANG_WARN_DEPRECATED_OBJC_IMPLEMENTATIONS = YES;
				CLANG_WARN_DIRECT_OBJC_ISA_USAGE = YES_ERROR;
				CLANG_WARN_DOCUMENTATION_COMMENTS = YES;
				CLANG_WARN_EMPTY_BODY = YES;
				CLANG_WARN_ENUM_CONVERSION = YES;
				CLANG_WARN_INFINITE_RECURSION = YES;
				CLANG_WARN_INT_CONVERSION = YES;
				CLANG_WARN_NON_LITERAL_NULL_CONVERSION = YES;
				CLANG_WARN_OBJC_IMPLICIT_RETAIN_SELF = YES;
				CLANG_WARN_OBJC_LITERAL_CONVERSION = YES;
				CLANG_WARN_OBJC_ROOT_CLASS = YES_ERROR;
				CLANG_WARN_RANGE_LOOP_ANALYSIS = YES;
				CLANG_WARN_STRICT_PROTOTYPES = YES;
				CLANG_WARN_SUSPICIOUS_MOVE = YES;
				CLANG_WARN_UNGUARDED_AVAILABILITY = YES_AGGRESSIVE;
				CLANG_WARN_UNREACHABLE_CODE = YES;
				CLANG_WARN__DUPLICATE_METHOD_MATCH = YES;
				CODE_SIGN_IDENTITY = "iPhone Developer";
				COPY_PHASE_STRIP = NO;
				DEBUG_INFORMATION_FORMAT = dwarf;
				ENABLE_STRICT_OBJC_MSGSEND = YES;
				ENABLE_TESTABILITY = YES;
				GCC_C_LANGUAGE_STANDARD = gnu11;
				GCC_DYNAMIC_NO_PIC = NO;
				GCC_NO_COMMON_BLOCKS = YES;
				GCC_OPTIMIZATION_LEVEL = 0;
				GCC_PREPROCESSOR_DEFINITIONS = (
					"DEBUG=1",
					"$(inherited)",
				);
				GCC_WARN_64_TO_32_BIT_CONVERSION = YES;
				GCC_WARN_ABOUT_RETURN_TYPE = YES_ERROR;
				GCC_WARN_UNDECLARED_SELECTOR = YES;
				GCC_WARN_UNINITIALIZED_AUTOS = YES_AGGRESSIVE;
				GCC_WARN_UNUSED_FUNCTION = YES;
				GCC_WARN_UNUSED_VARIABLE = YES;
				IPHONEOS_DEPLOYMENT_TARGET = 12.1;
				MTL_ENABLE_DEBUG_INFO = INCLUDE_SOURCE;
				MTL_FAST_MATH = YES;
				ONLY_ACTIVE_ARCH = YES;
				SDKROOT = iphoneos;
				SWIFT_ACTIVE_COMPILATION_CONDITIONS = DEBUG;
				SWIFT_OPTIMIZATION_LEVEL = "-Onone";
			};
			name = Debug;
		};
		74D276E621F526C600AA1EA5 /* Release */ = {
			isa = XCBuildConfiguration;
			buildSettings = {
				ALWAYS_SEARCH_USER_PATHS = NO;
				CLANG_ANALYZER_NONNULL = YES;
				CLANG_ANALYZER_NUMBER_OBJECT_CONVERSION = YES_AGGRESSIVE;
				CLANG_CXX_LANGUAGE_STANDARD = "gnu++14";
				CLANG_CXX_LIBRARY = "libc++";
				CLANG_ENABLE_MODULES = YES;
				CLANG_ENABLE_OBJC_ARC = YES;
				CLANG_ENABLE_OBJC_WEAK = YES;
				CLANG_WARN_BLOCK_CAPTURE_AUTORELEASING = YES;
				CLANG_WARN_BOOL_CONVERSION = YES;
				CLANG_WARN_COMMA = YES;
				CLANG_WARN_CONSTANT_CONVERSION = YES;
				CLANG_WARN_DEPRECATED_OBJC_IMPLEMENTATIONS = YES;
				CLANG_WARN_DIRECT_OBJC_ISA_USAGE = YES_ERROR;
				CLANG_WARN_DOCUMENTATION_COMMENTS = YES;
				CLANG_WARN_EMPTY_BODY = YES;
				CLANG_WARN_ENUM_CONVERSION = YES;
				CLANG_WARN_INFINITE_RECURSION = YES;
				CLANG_WARN_INT_CONVERSION = YES;
				CLANG_WARN_NON_LITERAL_NULL_CONVERSION = YES;
				CLANG_WARN_OBJC_IMPLICIT_RETAIN_SELF = YES;
				CLANG_WARN_OBJC_LITERAL_CONVERSION = YES;
				CLANG_WARN_OBJC_ROOT_CLASS = YES_ERROR;
				CLANG_WARN_RANGE_LOOP_ANALYSIS = YES;
				CLANG_WARN_STRICT_PROTOTYPES = YES;
				CLANG_WARN_SUSPICIOUS_MOVE = YES;
				CLANG_WARN_UNGUARDED_AVAILABILITY = YES_AGGRESSIVE;
				CLANG_WARN_UNREACHABLE_CODE = YES;
				CLANG_WARN__DUPLICATE_METHOD_MATCH = YES;
				CODE_SIGN_IDENTITY = "iPhone Developer";
				COPY_PHASE_STRIP = NO;
				DEBUG_INFORMATION_FORMAT = "dwarf-with-dsym";
				ENABLE_NS_ASSERTIONS = NO;
				ENABLE_STRICT_OBJC_MSGSEND = YES;
				GCC_C_LANGUAGE_STANDARD = gnu11;
				GCC_NO_COMMON_BLOCKS = YES;
				GCC_WARN_64_TO_32_BIT_CONVERSION = YES;
				GCC_WARN_ABOUT_RETURN_TYPE = YES_ERROR;
				GCC_WARN_UNDECLARED_SELECTOR = YES;
				GCC_WARN_UNINITIALIZED_AUTOS = YES_AGGRESSIVE;
				GCC_WARN_UNUSED_FUNCTION = YES;
				GCC_WARN_UNUSED_VARIABLE = YES;
				IPHONEOS_DEPLOYMENT_TARGET = 12.1;
				MTL_ENABLE_DEBUG_INFO = NO;
				MTL_FAST_MATH = YES;
				SDKROOT = iphoneos;
				SWIFT_COMPILATION_MODE = wholemodule;
				SWIFT_OPTIMIZATION_LEVEL = "-O";
				VALIDATE_PRODUCT = YES;
			};
			name = Release;
		};
		74D276E821F526C600AA1EA5 /* Debug */ = {
			isa = XCBuildConfiguration;
			baseConfigurationReference = 177842C30E2DB27BBC4C56F6 /* Pods-Emotions.debug.xcconfig */;
			buildSettings = {
				ASSETCATALOG_COMPILER_APPICON_NAME = AppIcon;
				CODE_SIGN_STYLE = Automatic;
				DEVELOPMENT_TEAM = 2XFPX4MHPP;
				INFOPLIST_FILE = Emotions/Info.plist;
				LD_RUNPATH_SEARCH_PATHS = (
					"$(inherited)",
					"@executable_path/Frameworks",
				);
				PRODUCT_BUNDLE_IDENTIFIER = com.zacharyhardin.Emotions;
				PRODUCT_NAME = "$(TARGET_NAME)";
				SWIFT_VERSION = 4.2;
				TARGETED_DEVICE_FAMILY = "1,2";
			};
			name = Debug;
		};
		74D276E921F526C600AA1EA5 /* Release */ = {
			isa = XCBuildConfiguration;
			baseConfigurationReference = D1CC5A594BBF1787A7B84058 /* Pods-Emotions.release.xcconfig */;
			buildSettings = {
				ASSETCATALOG_COMPILER_APPICON_NAME = AppIcon;
				CODE_SIGN_STYLE = Automatic;
				DEVELOPMENT_TEAM = 2XFPX4MHPP;
				INFOPLIST_FILE = Emotions/Info.plist;
				LD_RUNPATH_SEARCH_PATHS = (
					"$(inherited)",
					"@executable_path/Frameworks",
				);
				PRODUCT_BUNDLE_IDENTIFIER = com.zacharyhardin.Emotions;
				PRODUCT_NAME = "$(TARGET_NAME)";
				SWIFT_VERSION = 4.2;
				TARGETED_DEVICE_FAMILY = "1,2";
			};
			name = Release;
		};
		74D276EB21F526C600AA1EA5 /* Debug */ = {
			isa = XCBuildConfiguration;
			baseConfigurationReference = 1DD95063D6EDF325ACF73758 /* Pods-EmotionsTests.debug.xcconfig */;
			buildSettings = {
				ALWAYS_EMBED_SWIFT_STANDARD_LIBRARIES = YES;
				BUNDLE_LOADER = "$(TEST_HOST)";
				CODE_SIGN_STYLE = Automatic;
				DEVELOPMENT_TEAM = 2XFPX4MHPP;
				INFOPLIST_FILE = EmotionsTests/Info.plist;
				LD_RUNPATH_SEARCH_PATHS = (
					"$(inherited)",
					"@executable_path/Frameworks",
					"@loader_path/Frameworks",
				);
				PRODUCT_BUNDLE_IDENTIFIER = com.zacharyhardin.EmotionsTests;
				PRODUCT_NAME = "$(TARGET_NAME)";
				SWIFT_VERSION = 4.2;
				TARGETED_DEVICE_FAMILY = "1,2";
				TEST_HOST = "$(BUILT_PRODUCTS_DIR)/Emotions.app/Emotions";
			};
			name = Debug;
		};
		74D276EC21F526C600AA1EA5 /* Release */ = {
			isa = XCBuildConfiguration;
			baseConfigurationReference = C8BA008AD13838DA8848DA8A /* Pods-EmotionsTests.release.xcconfig */;
			buildSettings = {
				ALWAYS_EMBED_SWIFT_STANDARD_LIBRARIES = YES;
				BUNDLE_LOADER = "$(TEST_HOST)";
				CODE_SIGN_STYLE = Automatic;
				DEVELOPMENT_TEAM = 2XFPX4MHPP;
				INFOPLIST_FILE = EmotionsTests/Info.plist;
				LD_RUNPATH_SEARCH_PATHS = (
					"$(inherited)",
					"@executable_path/Frameworks",
					"@loader_path/Frameworks",
				);
				PRODUCT_BUNDLE_IDENTIFIER = com.zacharyhardin.EmotionsTests;
				PRODUCT_NAME = "$(TARGET_NAME)";
				SWIFT_VERSION = 4.2;
				TARGETED_DEVICE_FAMILY = "1,2";
				TEST_HOST = "$(BUILT_PRODUCTS_DIR)/Emotions.app/Emotions";
			};
			name = Release;
		};
		74D276EE21F526C600AA1EA5 /* Debug */ = {
			isa = XCBuildConfiguration;
			baseConfigurationReference = 79AFA7C33621D4BB5A4BEF72 /* Pods-EmotionsUITests.debug.xcconfig */;
			buildSettings = {
				ALWAYS_EMBED_SWIFT_STANDARD_LIBRARIES = YES;
				CODE_SIGN_STYLE = Automatic;
				DEVELOPMENT_TEAM = 2XFPX4MHPP;
				INFOPLIST_FILE = EmotionsUITests/Info.plist;
				LD_RUNPATH_SEARCH_PATHS = (
					"$(inherited)",
					"@executable_path/Frameworks",
					"@loader_path/Frameworks",
				);
				PRODUCT_BUNDLE_IDENTIFIER = com.zacharyhardin.EmotionsUITests;
				PRODUCT_NAME = "$(TARGET_NAME)";
				SWIFT_VERSION = 4.2;
				TARGETED_DEVICE_FAMILY = "1,2";
				TEST_TARGET_NAME = Emotions;
			};
			name = Debug;
		};
		74D276EF21F526C600AA1EA5 /* Release */ = {
			isa = XCBuildConfiguration;
			baseConfigurationReference = 95E5F93E70B2E77C46077B6A /* Pods-EmotionsUITests.release.xcconfig */;
			buildSettings = {
				ALWAYS_EMBED_SWIFT_STANDARD_LIBRARIES = YES;
				CODE_SIGN_STYLE = Automatic;
				DEVELOPMENT_TEAM = 2XFPX4MHPP;
				INFOPLIST_FILE = EmotionsUITests/Info.plist;
				LD_RUNPATH_SEARCH_PATHS = (
					"$(inherited)",
					"@executable_path/Frameworks",
					"@loader_path/Frameworks",
				);
				PRODUCT_BUNDLE_IDENTIFIER = com.zacharyhardin.EmotionsUITests;
				PRODUCT_NAME = "$(TARGET_NAME)";
				SWIFT_VERSION = 4.2;
				TARGETED_DEVICE_FAMILY = "1,2";
				TEST_TARGET_NAME = Emotions;
			};
			name = Release;
		};
/* End XCBuildConfiguration section */

/* Begin XCConfigurationList section */
		74B99E1D21F5319B00CC376B /* Build configuration list for PBXNativeTarget "EmotionsIntegrationTests" */ = {
			isa = XCConfigurationList;
			buildConfigurations = (
				74B99E1E21F5319B00CC376B /* Debug */,
				74B99E1F21F5319B00CC376B /* Release */,
			);
			defaultConfigurationIsVisible = 0;
			defaultConfigurationName = Release;
		};
		74D276BA21F526C500AA1EA5 /* Build configuration list for PBXProject "Emotions" */ = {
			isa = XCConfigurationList;
			buildConfigurations = (
				74D276E521F526C600AA1EA5 /* Debug */,
				74D276E621F526C600AA1EA5 /* Release */,
			);
			defaultConfigurationIsVisible = 0;
			defaultConfigurationName = Release;
		};
		74D276E721F526C600AA1EA5 /* Build configuration list for PBXNativeTarget "Emotions" */ = {
			isa = XCConfigurationList;
			buildConfigurations = (
				74D276E821F526C600AA1EA5 /* Debug */,
				74D276E921F526C600AA1EA5 /* Release */,
			);
			defaultConfigurationIsVisible = 0;
			defaultConfigurationName = Release;
		};
		74D276EA21F526C600AA1EA5 /* Build configuration list for PBXNativeTarget "EmotionsTests" */ = {
			isa = XCConfigurationList;
			buildConfigurations = (
				74D276EB21F526C600AA1EA5 /* Debug */,
				74D276EC21F526C600AA1EA5 /* Release */,
			);
			defaultConfigurationIsVisible = 0;
			defaultConfigurationName = Release;
		};
		74D276ED21F526C600AA1EA5 /* Build configuration list for PBXNativeTarget "EmotionsUITests" */ = {
			isa = XCConfigurationList;
			buildConfigurations = (
				74D276EE21F526C600AA1EA5 /* Debug */,
				74D276EF21F526C600AA1EA5 /* Release */,
			);
			defaultConfigurationIsVisible = 0;
			defaultConfigurationName = Release;
		};
/* End XCConfigurationList section */
	};
	rootObject = 74D276B721F526C500AA1EA5 /* Project object */;
}
